{
  "name": "ts-rest-typescript-5.5",
  "version": "1.0.0",
  "lockfileVersion": 3,
  "requires": true,
  "packages": {
    "": {
      "name": "ts-rest-typescript-5.5",
      "version": "1.0.0",
      "dependencies": {
        "@ts-rest/core": "^3.48.1",
        "zod": "^3.23.8"
      },
      "devDependencies": {
        "typescript": "^5.5.4"
      },
      "engines": {
        "node": ">=22.3.0",
        "npm": ">=10.8.1"
      }
    },
    "node_modules/@ts-rest/core": {
      "version": "3.48.1",
      "resolved": "https://registry.npmjs.org/@ts-rest/core/-/core-3.48.1.tgz",
      "integrity": "sha512-pfIaLRW/cHAdUHqj1DcS/IXJcLfwc9APYTH4GFEx2A6Faf2DZbUt6fwk4R9wbUnEFiCKLOBK5dSmHY2Q+mSeDg==",
      "peerDependencies": {
        "zod": "^3.22.3"
      },
      "peerDependenciesMeta": {
        "zod": {
          "optional": true
        }
      }
    },
    "node_modules/typescript": {
      "version": "5.5.4",
      "resolved": "https://registry.npmjs.org/typescript/-/typescript-5.5.4.tgz",
      "integrity": "sha512-Mtq29sKDAEYP7aljRgtPOpTvOfbwRWlS6dPRzwjdE+C0R4brX/GUyhHSecbHMFLNBLcJIPt9nl9yG5TZ1weH+Q==",
      "dev": true,
      "bin": {
        "tsc": "bin/tsc",
        "tsserver": "bin/tsserver"
      },
      "engines": {
        "node": ">=14.17"
      }
    },
    "node_modules/zod": {
      "version": "3.23.8",
      "resolved": "https://registry.npmjs.org/zod/-/zod-3.23.8.tgz",
      "integrity": "sha512-XBx9AXhXktjUqnepgTiE5flcKIYWi/rme0Eaj+5Y0lftuGBq+jyRu/md4WnuxqgP1ubdpNCsYEYPxrzVHD8d6g==",
      "funding": {
        "url": "https://github.com/sponsors/colinhacks"
      }
    }
  }
}
